// !$*UTF8*$!
{
        archiveVersion = 1;
        classes = {
        };
        objectVersion = 56;
        objects = {

/* ===== PBXBuildFile ===== */
/* Source files in Sources build phase */
                8A1A2B3C4D5E6F7A8B9C0D60 /* SECTApp.swift in Sources */ = {
                        isa = PBXBuildFile;
                        fileRef = 8A1A2B3C4D5E6F7A8B9C0D1E /* SECTApp.swift */;
                };
                8A1A2B3C4D5E6F7A8B9C0D61 /* AuthViewModel.swift in Sources */ = {
                        isa = PBXBuildFile;
                        fileRef = 8A1A2B3C4D5E6F7A8B9C0D1F /* AuthViewModel.swift */;
                };
                8A1A2B3C4D5E6F7A8B9C0D62 /* LoginView.swift in Sources */ = {
                        isa = PBXBuildFile;
                        fileRef = 8A1A2B3C4D5E6F7A8B9C0D20 /* LoginView.swift */;
                };
                8A1A2B3C4D5E6F7A8B9C0D63 /* DashboardView.swift in Sources */ = {
                        isa = PBXBuildFile;
                        fileRef = 8A1A2B3C4D5E6F7A8B9C0D21 /* DashboardView.swift */;
                };
                8A1A2B3C4D5E6F7A8B9C0D64 /* Colors.swift in Sources */ = {
                        isa = PBXBuildFile;
                        fileRef = 8A1A2B3C4D5E6F7A8B9C0D22 /* Colors.swift */;
                };
                8A1A2B3C4D5E6F7A8B9C0D65 /* iOSProctoringService.swift in Sources */ = {
                        isa = PBXBuildFile;
                        fileRef = 8A1A2B3C4D5E6F7A8B9C0D23 /* iOSProctoringService.swift */;
                };
                8A1A2B3C4D5E6F7A8B9C0D72 /* ConversationView.swift in Sources */ = {isa = PBXBuildFile; fileRef = 8A1A2B3C4D5E6F7A8B9C0D71 /* ConversationView.swift */; };
                8A1A2B3C4D5E6F7A8B9C0D74 /* DashboardViewModel.swift in Sources */ = {isa = PBXBuildFile; fileRef = 8A1A2B3C4D5E6F7A8B9C0D73 /* DashboardViewModel.swift */; };
                8A1A2B3C4D5E6F7A8B9C0D76 /* EpreuveDetailView.swift in Sources */ = {isa = PBXBuildFile; fileRef = 8A1A2B3C4D5E6F7A8B9C0D75 /* EpreuveDetailView.swift */; };
                8A1A2B3C4D5E6F7A8B9C0D78 /* EpreuveViewModel.swift in Sources */ = {isa = PBXBuildFile; fileRef = 8A1A2B3C4D5E6F7A8B9C0D77 /* EpreuveViewModel.swift */; };
                8A1A2B3C4D5E6F7A8B9C0D7A /* KoinRepositoryProvider.swift in Sources */ = {isa = PBXBuildFile; fileRef = 8A1A2B3C4D5E6F7A8B9C0D79 /* KoinRepositoryProvider.swift */; };
                8A1A2B3C4D5E6F7A8B9C0D7C /* KoinStartup.swift in Sources */ = {isa = PBXBuildFile; fileRef = 8A1A2B3C4D5E6F7A8B9C0D7B /* KoinStartup.swift */; };
                8A1A2B3C4D5E6F7A8B9C0D7E /* MessagerieViewModel.swift in Sources */ = {isa = PBXBuildFile; fileRef = 8A1A2B3C4D5E6F7A8B9C0D7D /* MessagerieViewModel.swift */; };
                8A1A2B3C4D5E6F7A8B9C0D80 /* PassationView.swift in Sources */ = {isa = PBXBuildFile; fileRef = 8A1A2B3C4D5E6F7A8B9C0D7F /* PassationView.swift */; };
                8A1A2B3C4D5E6F7A8B9C0D82 /* PassationViewModel.swift in Sources */ = {isa = PBXBuildFile; fileRef = 8A1A2B3C4D5E6F7A8B9C0D81 /* PassationViewModel.swift */; };
                8A1A2B3C4D5E6F7A8B9C0D84 /* ProfileViewModel.swift in Sources */ = {isa = PBXBuildFile; fileRef = 8A1A2B3C4D5E6F7A8B9C0D83 /* ProfileViewModel.swift */; };
                8A1A2B3C4D5E6F7A8B9C0D86 /* PushConfig.swift in Sources */ = {isa = PBXBuildFile; fileRef = 8A1A2B3C4D5E6F7A8B9C0D85 /* PushConfig.swift */; };
                8A1A2B3C4D5E6F7A8B9C0D88 /* PushNotificationManager.swift in Sources */ = {isa = PBXBuildFile; fileRef = 8A1A2B3C4D5E6F7A8B9C0D87 /* PushNotificationManager.swift */; };
                8A1A2B3C4D5E6F7A8B9C0D8A /* ResultsView.swift in Sources */ = {isa = PBXBuildFile; fileRef = 8A1A2B3C4D5E6F7A8B9C0D89 /* ResultsView.swift */; };
                8A1A2B3C4D5E6F7A8B9C0D8C /* SECTAppDelegate.swift in Sources */ = {isa = PBXBuildFile; fileRef = 8A1A2B3C4D5E6F7A8B9C0D8B /* SECTAppDelegate.swift */; };
                8A1A2B3C4D5E6F7A8B9C0D8E /* SettingsView.swift in Sources */ = {isa = PBXBuildFile; fileRef = 8A1A2B3C4D5E6F7A8B9C0D8D /* SettingsView.swift */; };
/* Framework in Frameworks build phase */
                8A1A2B3C4D5E6F7A8B9C0D66 /* Shared.framework in Frameworks */ = {
                        isa = PBXBuildFile;
                        fileRef = 8A1A2B3C4D5E6F7A8B9C0D24 /* Shared.framework */;
                };

/* ===== PBXFileReference ===== */
                8A1A2B3C4D5E6F7A8B9C0D1E /* SECTApp.swift */ = {
                        isa = PBXFileReference;
                        lastKnownFileType = sourcecode.swift;
                        path = SECTApp.swift;
                        sourceTree = "<group>";
                };
                8A1A2B3C4D5E6F7A8B9C0D1F /* AuthViewModel.swift */ = {
                        isa = PBXFileReference;
                        lastKnownFileType = sourcecode.swift;
                        path = AuthViewModel.swift;
                        sourceTree = "<group>";
                };
                8A1A2B3C4D5E6F7A8B9C0D20 /* LoginView.swift */ = {
                        isa = PBXFileReference;
                        lastKnownFileType = sourcecode.swift;
                        path = LoginView.swift;
                        sourceTree = "<group>";
                };
                8A1A2B3C4D5E6F7A8B9C0D21 /* DashboardView.swift */ = {
                        isa = PBXFileReference;
                        lastKnownFileType = sourcecode.swift;
                        path = DashboardView.swift;
                        sourceTree = "<group>";
                };
                8A1A2B3C4D5E6F7A8B9C0D22 /* Colors.swift */ = {
                        isa = PBXFileReference;
                        lastKnownFileType = sourcecode.swift;
                        path = Colors.swift;
                        sourceTree = "<group>";
                };
                8A1A2B3C4D5E6F7A8B9C0D23 /* iOSProctoringService.swift */ = {
                        isa = PBXFileReference;
                        lastKnownFileType = sourcecode.swift;
                        path = iOSProctoringService.swift;
                        sourceTree = "<group>";
                };
                8A1A2B3C4D5E6F7A8B9C0D71 /* ConversationView.swift */ = {isa = PBXFileReference; lastKnownFileType = sourcecode.swift; name = ConversationView.swift; path = ../Views/ConversationView.swift; sourceTree = "<group>"; };
                8A1A2B3C4D5E6F7A8B9C0D73 /* DashboardViewModel.swift */ = {isa = PBXFileReference; lastKnownFileType = sourcecode.swift; name = DashboardViewModel.swift; path = ../ViewModels/DashboardViewModel.swift; sourceTree = "<group>"; };
                8A1A2B3C4D5E6F7A8B9C0D75 /* EpreuveDetailView.swift */ = {isa = PBXFileReference; lastKnownFileType = sourcecode.swift; name = EpreuveDetailView.swift; path = ../Views/EpreuveDetailView.swift; sourceTree = "<group>"; };
                8A1A2B3C4D5E6F7A8B9C0D77 /* EpreuveViewModel.swift */ = {isa = PBXFileReference; lastKnownFileType = sourcecode.swift; name = EpreuveViewModel.swift; path = ../ViewModels/EpreuveViewModel.swift; sourceTree = "<group>"; };
                8A1A2B3C4D5E6F7A8B9C0D79 /* KoinRepositoryProvider.swift */ = {isa = PBXFileReference; lastKnownFileType = sourcecode.swift; name = KoinRepositoryProvider.swift; path = ../DI/KoinRepositoryProvider.swift; sourceTree = "<group>"; };
                8A1A2B3C4D5E6F7A8B9C0D7B /* KoinStartup.swift */ = {isa = PBXFileReference; lastKnownFileType = sourcecode.swift; name = KoinStartup.swift; path = ../DI/KoinStartup.swift; sourceTree = "<group>"; };
                8A1A2B3C4D5E6F7A8B9C0D7D /* MessagerieViewModel.swift */ = {isa = PBXFileReference; lastKnownFileType = sourcecode.swift; name = MessagerieViewModel.swift; path = ../ViewModels/MessagerieViewModel.swift; sourceTree = "<group>"; };
                8A1A2B3C4D5E6F7A8B9C0D7F /* PassationView.swift */ = {isa = PBXFileReference; lastKnownFileType = sourcecode.swift; name = PassationView.swift; path = ../Views/PassationView.swift; sourceTree = "<group>"; };
                8A1A2B3C4D5E6F7A8B9C0D81 /* PassationViewModel.swift */ = {isa = PBXFileReference; lastKnownFileType = sourcecode.swift; name = PassationViewModel.swift; path = ../ViewModels/PassationViewModel.swift; sourceTree = "<group>"; };
                8A1A2B3C4D5E6F7A8B9C0D83 /* ProfileViewModel.swift */ = {isa = PBXFileReference; lastKnownFileType = sourcecode.swift; name = ProfileViewModel.swift; path = ../ViewModels/ProfileViewModel.swift; sourceTree = "<group>"; };
                8A1A2B3C4D5E6F7A8B9C0D85 /* PushConfig.swift */ = {isa = PBXFileReference; lastKnownFileType = sourcecode.swift; name = PushConfig.swift; path = ../Push/PushConfig.swift; sourceTree = "<group>"; };
                8A1A2B3C4D5E6F7A8B9C0D87 /* PushNotificationManager.swift */ = {isa = PBXFileReference; lastKnownFileType = sourcecode.swift; name = PushNotificationManager.swift; path = ../Push/PushNotificationManager.swift; sourceTree = "<group>"; };
                8A1A2B3C4D5E6F7A8B9C0D89 /* ResultsView.swift */ = {isa = PBXFileReference; lastKnownFileType = sourcecode.swift; name = ResultsView.swift; path = ../Views/ResultsView.swift; sourceTree = "<group>"; };
                8A1A2B3C4D5E6F7A8B9C0D8B /* SECTAppDelegate.swift */ = {isa = PBXFileReference; lastKnownFileType = sourcecode.swift; name = SECTAppDelegate.swift; path = ../Push/SECTAppDelegate.swift; sourceTree = "<group>"; };
                8A1A2B3C4D5E6F7A8B9C0D8D /* SettingsView.swift */ = {isa = PBXFileReference; lastKnownFileType = sourcecode.swift; name = SettingsView.swift; path = ../Views/SettingsView.swift; sourceTree = "<group>"; };
                8A1A2B3C4D5E6F7A8B9C0D24 /* Shared.framework */ = {
                        isa = PBXFileReference;
                        lastKnownFileType = wrapper.framework;
                        name = Shared.framework;
                        path = Frameworks/Shared.framework;
                        sourceTree = "<group>";
                };
                8A1A2B3C4D5E6F7A8B9C0D25 /* iosApp.app */ = {
                        isa = PBXFileReference;
                        explicitFileType = wrapper.application;
                        includeInIndex = 0;
                        path = iosApp.app;
                        sourceTree = BUILT_PRODUCTS_DIR;
                };

/* ===== PBXGroup ===== */
                8A1A2B3C4D5E6F7A8B9C0D32 /* ViewModels */ = {
                        isa = PBXGroup;
                        children = (
                                8A1A2B3C4D5E6F7A8B9C0D1F /* AuthViewModel.swift */,
                        );
                        path = ViewModels;
                        sourceTree = "<group>";
                };
                8A1A2B3C4D5E6F7A8B9C0D33 /* Views */ = {
                        isa = PBXGroup;
                        children = (
                                8A1A2B3C4D5E6F7A8B9C0D20 /* LoginView.swift */,
                                8A1A2B3C4D5E6F7A8B9C0D21 /* DashboardView.swift */,
                        );
                        path = Views;
                        sourceTree = "<group>";
                };
                8A1A2B3C4D5E6F7A8B9C0D34 /* Utilities */ = {
                        isa = PBXGroup;
                        children = (
                                8A1A2B3C4D5E6F7A8B9C0D22 /* Colors.swift */,
                                8A1A2B3C4D5E6F7A8B9C0D23 /* iOSProctoringService.swift */,
                                8A1A2B3C4D5E6F7A8B9C0D71 /* ConversationView.swift */,
                                8A1A2B3C4D5E6F7A8B9C0D73 /* DashboardViewModel.swift */,
                                8A1A2B3C4D5E6F7A8B9C0D75 /* EpreuveDetailView.swift */,
                                8A1A2B3C4D5E6F7A8B9C0D77 /* EpreuveViewModel.swift */,
                                8A1A2B3C4D5E6F7A8B9C0D79 /* KoinRepositoryProvider.swift */,
                                8A1A2B3C4D5E6F7A8B9C0D7B /* KoinStartup.swift */,
                                8A1A2B3C4D5E6F7A8B9C0D7D /* MessagerieViewModel.swift */,
                                8A1A2B3C4D5E6F7A8B9C0D7F /* PassationView.swift */,
                                8A1A2B3C4D5E6F7A8B9C0D81 /* PassationViewModel.swift */,
                                8A1A2B3C4D5E6F7A8B9C0D83 /* ProfileViewModel.swift */,
                                8A1A2B3C4D5E6F7A8B9C0D85 /* PushConfig.swift */,
                                8A1A2B3C4D5E6F7A8B9C0D87 /* PushNotificationManager.swift */,
                                8A1A2B3C4D5E6F7A8B9C0D89 /* ResultsView.swift */,
                                8A1A2B3C4D5E6F7A8B9C0D8B /* SECTAppDelegate.swift */,
                                8A1A2B3C4D5E6F7A8B9C0D8D /* SettingsView.swift */,
                        );
                        path = Utilities;
                        sourceTree = "<group>";
                };
                8A1A2B3C4D5E6F7A8B9C0D35 /* Frameworks */ = {
                        isa = PBXGroup;
                        children = (
                                8A1A2B3C4D5E6F7A8B9C0D24 /* Shared.framework */,
                        );
                        name = Frameworks;
                        sourceTree = "<group>";
                };
                8A1A2B3C4D5E6F7A8B9C0D31 /* iosApp */ = {
                        isa = PBXGroup;
                        children = (
                                8A1A2B3C4D5E6F7A8B9C0D1E /* SECTApp.swift */,
                                8A1A2B3C4D5E6F7A8B9C0D32 /* ViewModels */,
                                8A1A2B3C4D5E6F7A8B9C0D33 /* Views */,
                                8A1A2B3C4D5E6F7A8B9C0D34 /* Utilities */,
                        );
                        path = iosApp;
                        sourceTree = "<group>";
                };
                8A1A2B3C4D5E6F7A8B9C0D36 /* Products */ = {
                        isa = PBXGroup;
                        children = (
                                8A1A2B3C4D5E6F7A8B9C0D25 /* iosApp.app */,
                        );
                        name = Products;
                        sourceTree = "<group>";
                };
                8A1A2B3C4D5E6F7A8B9C0D30 /* Main */ = {
                        isa = PBXGroup;
                        children = (
                                8A1A2B3C4D5E6F7A8B9C0D36 /* Products */,
                                8A1A2B3C4D5E6F7A8B9C0D31 /* iosApp */,
                                8A1A2B3C4D5E6F7A8B9C0D35 /* Frameworks */,
                        );
                        sourceTree = "<group>";
                };

/* ===== PBXNativeTarget ===== */
                8A1A2B3C4D5E6F7A8B9C0D40 /* iosApp */ = {
                        isa = PBXNativeTarget;
                        buildConfigurationList = 8A1A2B3C4D5E6F7A8B9C0D55 /* Build configuration list for PBXNativeTarget "iosApp" */;
                        buildPhases = (
                                8A1A2B3C4D5E6F7A8B9C0D44 /* Run Script - Build Shared.framework */,
                                8A1A2B3C4D5E6F7A8B9C0D41 /* Sources */,
                                8A1A2B3C4D5E6F7A8B9C0D42 /* Frameworks */,
                                8A1A2B3C4D5E6F7A8B9C0D43 /* Resources */,
                        );
                        buildRules = (
                        );
                        dependencies = (
                        );
                        name = iosApp;
                        productName = SECT;
                        productReference = 8A1A2B3C4D5E6F7A8B9C0D25 /* iosApp.app */;
                        productType = "com.apple.product-type.application";
                };

/* ===== PBXProject ===== */
                8A1A2B3C4D5E6F7A8B9C0D70 /* Project object */ = {
                        isa = PBXProject;
                        attributes = {
                                BuildIndependentTargetsInParallel = 1;
                                LastSwiftUpdateCheck = 1540;
                                LastUpgradeCheck = 1540;
                                TargetAttributes = {
                                        8A1A2B3C4D5E6F7A8B9C0D40 = {
                                                CreatedOnToolsVersion = 15.4;
                                                ProvisioningStyle = Automatic;
                                        };
                                };
                        };
                        buildConfigurationList = 8A1A2B3C4D5E6F7A8B9C0D52 /* Build configuration list for PBXProject "iosApp" */;
                        compatibilityVersion = "Xcode 14.0";
                        developmentRegion = fr;
                        hasScannedForEncodings = 0;
                        knownRegions = (
                                fr,
                                en,
                                Base,
                        );
                        mainGroup = 8A1A2B3C4D5E6F7A8B9C0D30 /* Main */;
                        minimizedProjectReferenceProxies = 1;
                        preferredProjectObjectVersion = 56;
                        productRefGroup = 8A1A2B3C4D5E6F7A8B9C0D36 /* Products */;
                        projectDirPath = "";
                        projectRoot = "";
                        targets = (
                                8A1A2B3C4D5E6F7A8B9C0D40 /* iosApp */,
                        );
                };

/* ===== PBXShellScriptBuildPhase — Gradle build for Shared.framework ===== */
                8A1A2B3C4D5E6F7A8B9C0D44 /* Run Script - Build Shared.framework */ = {
                        isa = PBXShellScriptBuildPhase;
                        buildActionMask = 2147483647;
                        files = (
                        );
                        inputFileListPaths = (
                        );
                        inputPaths = (
                        );
                        name = "Run Script - Build Shared.framework";
                        outputFileListPaths = (
                        );
                        outputPaths = (
                        );
                        runOnlyForDeploymentPostprocessing = 0;
                        shellPath = /bin/sh;
                        shellScript = "\"$PROJECT_DIR/build_shared_framework.sh\"\n";
                        showEnvVarsInLog = 0;
                };

/* ===== PBXSourcesBuildPhase ===== */
                8A1A2B3C4D5E6F7A8B9C0D41 /* Sources */ = {
                        isa = PBXSourcesBuildPhase;
                        buildActionMask = 2147483647;
                        files = (
                                8A1A2B3C4D5E6F7A8B9C0D60 /* SECTApp.swift in Sources */,
                                8A1A2B3C4D5E6F7A8B9C0D61 /* AuthViewModel.swift in Sources */,
                                8A1A2B3C4D5E6F7A8B9C0D62 /* LoginView.swift in Sources */,
                                8A1A2B3C4D5E6F7A8B9C0D63 /* DashboardView.swift in Sources */,
                                8A1A2B3C4D5E6F7A8B9C0D64 /* Colors.swift in Sources */,
                                8A1A2B3C4D5E6F7A8B9C0D65 /* iOSProctoringService.swift in Sources */,
                                8A1A2B3C4D5E6F7A8B9C0D72 /* ConversationView.swift in Sources */,
                                8A1A2B3C4D5E6F7A8B9C0D74 /* DashboardViewModel.swift in Sources */,
                                8A1A2B3C4D5E6F7A8B9C0D76 /* EpreuveDetailView.swift in Sources */,
                                8A1A2B3C4D5E6F7A8B9C0D78 /* EpreuveViewModel.swift in Sources */,
                                8A1A2B3C4D5E6F7A8B9C0D7A /* KoinRepositoryProvider.swift in Sources */,
                                8A1A2B3C4D5E6F7A8B9C0D7C /* KoinStartup.swift in Sources */,
                                8A1A2B3C4D5E6F7A8B9C0D7E /* MessagerieViewModel.swift in Sources */,
                                8A1A2B3C4D5E6F7A8B9C0D80 /* PassationView.swift in Sources */,
                                8A1A2B3C4D5E6F7A8B9C0D82 /* PassationViewModel.swift in Sources */,
                                8A1A2B3C4D5E6F7A8B9C0D84 /* ProfileViewModel.swift in Sources */,
                                8A1A2B3C4D5E6F7A8B9C0D86 /* PushConfig.swift in Sources */,
                                8A1A2B3C4D5E6F7A8B9C0D88 /* PushNotificationManager.swift in Sources */,
                                8A1A2B3C4D5E6F7A8B9C0D8A /* ResultsView.swift in Sources */,
                                8A1A2B3C4D5E6F7A8B9C0D8C /* SECTAppDelegate.swift in Sources */,
                                8A1A2B3C4D5E6F7A8B9C0D8E /* SettingsView.swift in Sources */,
                        );
                        runOnlyForDeploymentPostprocessing = 0;
                };

/* ===== PBXFrameworksBuildPhase ===== */
                8A1A2B3C4D5E6F7A8B9C0D42 /* Frameworks */ = {
                        isa = PBXFrameworksBuildPhase;
                        buildActionMask = 2147483647;
                        files = (
                                8A1A2B3C4D5E6F7A8B9C0D66 /* Shared.framework in Frameworks */,
                        );
                        runOnlyForDeploymentPostprocessing = 0;
                };

/* ===== PBXResourcesBuildPhase ===== */
                8A1A2B3C4D5E6F7A8B9C0D43 /* Resources */ = {
                        isa = PBXResourcesBuildPhase;
                        buildActionMask = 2147483647;
                        files = (
                        );
                        runOnlyForDeploymentPostprocessing = 0;
                };

/* ===== XCBuildConfiguration — Project level ===== */
                8A1A2B3C4D5E6F7A8B9C0D50 /* Debug */ = {
                        isa = XCBuildConfiguration;
                        buildSettings = {
                                ALWAYS_SEARCH_USER_PATHS = NO;
                                ASSETCATALOG_COMPILER_GENERATE_SWIFT_ASSET_SYMBOL_EXTENSIONS = YES;
                                CLANG_ANALYZER_NONNULL = YES;
                                CLANG_ANALYZER_NUMBER_OBJECT_CONVERSION = YES_AGGRESSIVE;
                                CLANG_CXX_LANGUAGE_STANDARD = "gnu++20";
                                CLANG_ENABLE_MODULES = YES;
                                CLANG_ENABLE_OBJC_ARC = YES;
                                CLANG_ENABLE_OBJC_WEAK = YES;
                                CLANG_WARN_BLOCK_CAPTURE_AUTORELEASING = YES;
                                CLANG_WARN_BOOL_CONVERSION = YES;
                                CLANG_WARN_COMMA = YES;
                                CLANG_WARN_CONSTANT_CONVERSION = YES;
                                CLANG_WARN_DEPRECATED_OBJC_IMPLEMENTATIONS = YES;
                                CLANG_WARN_DIRECT_OBJC_ISA_USAGE = YES_ERROR;
                                CLANG_WARN_DOCUMENTATION_COMMENTS = YES;
                                CLANG_WARN_EMPTY_BODY = YES;
                                CLANG_WARN_ENUM_CONVERSION = YES;
                                CLANG_WARN_INFINITE_RECURSION = YES;
                                CLANG_WARN_INT_CONVERSION = YES;
                                CLANG_WARN_NON_LITERAL_NULL_CONVERSION = YES;
                                CLANG_WARN_OBJC_IMPLICIT_RETAIN_SELF = YES;
                                CLANG_WARN_OBJC_LITERAL_CONVERSION = YES;
                                CLANG_WARN_OBJC_ROOT_CLASS = YES_ERROR;
                                CLANG_WARN_QUOTED_INCLUDE_IN_FRAMEWORK_HEADER = YES;
                                CLANG_WARN_RANGE_LOOP_ANALYSIS = YES;
                                CLANG_WARN_STRICT_PROTOTYPES = YES;
                                CLANG_WARN_SUSPICIOUS_MOVE = YES;
                                CLANG_WARN_UNGUARDED_AVAILABILITY = YES_ERROR;
                                CLANG_WARN_UNREACHABLE_CODE = YES;
                                CLANG_WARN__DUPLICATE_METHOD_MATCH = YES;
                                COPY_PHASE_STRIP = NO;
                                DEBUG_INFORMATION_FORMAT = dwarf;
                                ENABLE_STRICT_OBJC_MSGSEND = YES;
                                ENABLE_TESTABILITY = YES;
                                ENABLE_USER_SCRIPT_SANDBOXING = NO;
                                GCC_C_LANGUAGE_STANDARD = gnu17;
                                GCC_DYNAMIC_NO_PIC = NO;
                                GCC_NO_COMMON_BLOCKS = YES;
                                GCC_OPTIMIZATION_LEVEL = 0;
                                GCC_PREPROCESSOR_DEFINITIONS = (
                                        "DEBUG=1",
                                        "$(inherited)",
                                );
                                GCC_WARN_64_TO_32_BIT_CONVERSION = YES;
                                GCC_WARN_ABOUT_RETURN_TYPE = YES_ERROR;
                                GCC_WARN_UNDECLARED_SELECTOR = YES;
                                GCC_WARN_UNINITIALIZED_AUTOS = YES_AGGRESSIVE;
                                GCC_WARN_UNUSED_FUNCTION = YES;
                                GCC_WARN_UNUSED_VARIABLE = YES;
                                LOCALIZATION_PREFERS_STRING_CATALOGS = YES;
                                MACOSX_DEPLOYMENT_TARGET = 14.0;
                                MTL_ENABLE_DEBUG_INFO = INCLUDE_SOURCE;
                                ONLY_ACTIVE_ARCH = YES;
                                SDKROOT = auto;
                                SWIFT_ACTIVE_COMPILATION_CONDITIONS = "$(inherited) DEBUG";
                                SWIFT_OPTIMIZATION_LEVEL = "-Onone";
                                SWIFT_WARN_SHORT_FUNCTION_BODY = 1;
                        };
                        name = Debug;
                };
                8A1A2B3C4D5E6F7A8B9C0D51 /* Release */ = {
                        isa = XCBuildConfiguration;
                        buildSettings = {
                                ALWAYS_SEARCH_USER_PATHS = NO;
                                ASSETCATALOG_COMPILER_GENERATE_SWIFT_ASSET_SYMBOL_EXTENSIONS = YES;
                                CLANG_ANALYZER_NONNULL = YES;
                                CLANG_ANALYZER_NUMBER_OBJECT_CONVERSION = YES_AGGRESSIVE;
                                CLANG_CXX_LANGUAGE_STANDARD = "gnu++20";
                                CLANG_ENABLE_MODULES = YES;
                                CLANG_ENABLE_OBJC_ARC = YES;
                                CLANG_ENABLE_OBJC_WEAK = YES;
                                CLANG_WARN_BLOCK_CAPTURE_AUTORELEASING = YES;
                                CLANG_WARN_BOOL_CONVERSION = YES;
                                CLANG_WARN_COMMA = YES;
                                CLANG_WARN_CONSTANT_CONVERSION = YES;
                                CLANG_WARN_DEPRECATED_OBJC_IMPLEMENTATIONS = YES;
                                CLANG_WARN_DIRECT_OBJC_ISA_USAGE = YES_ERROR;
                                CLANG_WARN_DOCUMENTATION_COMMENTS = YES;
                                CLANG_WARN_EMPTY_BODY = YES;
                                CLANG_WARN_ENUM_CONVERSION = YES;
                                CLANG_WARN_INFINITE_RECURSION = YES;
                                CLANG_WARN_INT_CONVERSION = YES;
                                CLANG_WARN_NON_LITERAL_NULL_CONVERSION = YES;
                                CLANG_WARN_OBJC_IMPLICIT_RETAIN_SELF = YES;
                                CLANG_WARN_OBJC_LITERAL_CONVERSION = YES;
                                CLANG_WARN_OBJC_ROOT_CLASS = YES_ERROR;
                                CLANG_WARN_QUOTED_INCLUDE_IN_FRAMEWORK_HEADER = YES;
                                CLANG_WARN_RANGE_LOOP_ANALYSIS = YES;
                                CLANG_WARN_STRICT_PROTOTYPES = YES;
                                CLANG_WARN_SUSPICIOUS_MOVE = YES;
                                CLANG_WARN_UNGUARDED_AVAILABILITY = YES_ERROR;
                                CLANG_WARN_UNREACHABLE_CODE = YES;
                                CLANG_WARN__DUPLICATE_METHOD_MATCH = YES;
                                COPY_PHASE_STRIP = NO;
                                DEBUG_INFORMATION_FORMAT = "dwarf-with-dsym";
                                ENABLE_NS_ASSERTIONS = NO;
                                ENABLE_STRICT_OBJC_MSGSEND = YES;
                                ENABLE_USER_SCRIPT_SANDBOXING = NO;
                                GCC_C_LANGUAGE_STANDARD = gnu17;
                                GCC_NO_COMMON_BLOCKS = YES;
                                GCC_WARN_64_TO_32_BIT_CONVERSION = YES;
                                GCC_WARN_ABOUT_RETURN_TYPE = YES_ERROR;
                                GCC_WARN_UNDECLARED_SELECTOR = YES;
                                GCC_WARN_UNINITIALIZED_AUTOS = YES_AGGRESSIVE;
                                GCC_WARN_UNUSED_FUNCTION = YES;
                                GCC_WARN_UNUSED_VARIABLE = YES;
                                LOCALIZATION_PREFERS_STRING_CATALOGS = YES;
                                MACOSX_DEPLOYMENT_TARGET = 14.0;
                                MTL_ENABLE_DEBUG_INFO = NO;
                                SDKROOT = auto;
                                SWIFT_COMPILATION_MODE = wholemodule;
                                SWIFT_WARN_SHORT_FUNCTION_BODY = 1;
                        };
                        name = Release;
                };

/* ===== XCBuildConfiguration — Target level ===== */
                8A1A2B3C4D5E6F7A8B9C0D53 /* Debug */ = {
                        isa = XCBuildConfiguration;
                        buildSettings = {
                                APS_ENVIRONMENT = development;
                                ASSETCATALOG_COMPILER_APPICON_NAME = AppIcon;
                                ASSETCATALOG_COMPILER_GLOBAL_ACCENT_COLOR_NAME = AccentColor;
                                CODE_SIGN_ENTITLEMENTS = iosApp/SECTApp.entitlements;
                                CODE_SIGN_STYLE = Automatic;
                                CURRENT_PROJECT_VERSION = 1;
                                DEVELOPMENT_TEAM = "";
                                FRAMEWORK_SEARCH_PATHS = (
                                        "$(inherited)",
                                        "$(PROJECT_DIR)/Frameworks",
                                        "$(PROJECT_DIR)/../shared/build/bin/iosSimulatorArm64/debugFramework",
                                        "$(PROJECT_DIR)/../shared/build/bin/iosSimulatorArm64/debugFramework",
                                );
                                GCC_PREPROCESSOR_DEFINITIONS = (
                                        "DEBUG=1",
                                        "$(inherited)",
                                );
                                GENERATE_INFOPLIST_FILE = YES;
                                INFOPLIST_FILE = iosApp/Info.plist;
                                INFOPLIST_KEY_CFBundleDisplayName = SECT;
                                INFOPLIST_KEY_UIApplicationSceneManifest_Generation = YES;
                                INFOPLIST_KEY_UIApplicationSupportsIndirectInputEvents = YES;
                                INFOPLIST_KEY_UILaunchScreen_Generation = YES;
                                INFOPLIST_KEY_UISupportedInterfaceOrientations_iPad = "UIInterfaceOrientationPortrait UIInterfaceOrientationPortraitUpsideDown UIInterfaceOrientationLandscapeLeft UIInterfaceOrientationLandscapeRight";
                                INFOPLIST_KEY_UISupportedInterfaceOrientations_iPhone = "UIInterfaceOrientationPortrait UIInterfaceOrientationLandscapeLeft UIInterfaceOrientationLandscapeRight";
                                IPHONEOS_DEPLOYMENT_TARGET = 17.0;
                                LD_RUNPATH_SEARCH_PATHS = (
                                        "$(inherited)",
                                        "@executable_path/Frameworks",
                                );
                                OTHER_LDFLAGS = "-framework AudioToolbox -undefined dynamic_lookup";
                                PRODUCT_BUNDLE_IDENTIFIER = com.ftci.app;
                                PRODUCT_NAME = "$(TARGET_NAME)";
                                SWIFT_EMIT_LOC_STRINGS = YES;
                                SWIFT_VERSION = 5.0;
                                TARGETED_DEVICE_FAMILY = "1,2";
                        };
                        name = Debug;
                };
                8A1A2B3C4D5E6F7A8B9C0D54 /* Release */ = {
                        isa = XCBuildConfiguration;
                        buildSettings = {
                                APS_ENVIRONMENT = production;
                                ASSETCATALOG_COMPILER_APPICON_NAME = AppIcon;
                                ASSETCATALOG_COMPILER_GLOBAL_ACCENT_COLOR_NAME = AccentColor;
                                CODE_SIGN_ENTITLEMENTS = iosApp/SECTApp.entitlements;
                                CODE_SIGN_STYLE = Automatic;
                                CURRENT_PROJECT_VERSION = 1;
                                DEVELOPMENT_TEAM = "";
                                FRAMEWORK_SEARCH_PATHS = (
                                        "$(inherited)",
                                        "$(PROJECT_DIR)/Frameworks",
                                        "$(PROJECT_DIR)/../shared/build/bin/iosSimulatorArm64/debugFramework",
                                        "$(PROJECT_DIR)/../shared/build/bin/iosSimulatorArm64/debugFramework",
                                );
                                GENERATE_INFOPLIST_FILE = YES;
                                INFOPLIST_FILE = iosApp/Info.plist;
                                INFOPLIST_KEY_CFBundleDisplayName = SECT;
                                INFOPLIST_KEY_UIApplicationSceneManifest_Generation = YES;
                                INFOPLIST_KEY_UIApplicationSupportsIndirectInputEvents = YES;
                                INFOPLIST_KEY_UILaunchScreen_Generation = YES;
                                INFOPLIST_KEY_UISupportedInterfaceOrientations_iPad = "UIInterfaceOrientationPortrait UIInterfaceOrientationPortraitUpsideDown UIInterfaceOrientationLandscapeLeft UIInterfaceOrientationLandscapeRight";
                                INFOPLIST_KEY_UISupportedInterfaceOrientations_iPhone = "UIInterfaceOrientationPortrait UIInterfaceOrientationLandscapeLeft UIInterfaceOrientationLandscapeRight";
                                IPHONEOS_DEPLOYMENT_TARGET = 17.0;
                                LD_RUNPATH_SEARCH_PATHS = (
                                        "$(inherited)",
                                        "@executable_path/Frameworks",
                                );
                                OTHER_LDFLAGS = "-framework AudioToolbox -undefined dynamic_lookup";
                                PRODUCT_BUNDLE_IDENTIFIER = com.ftci.app;
                                PRODUCT_NAME = "$(TARGET_NAME)";
                                SWIFT_EMIT_LOC_STRINGS = YES;
                                SWIFT_OPTIMIZATION_LEVEL = "-O";
                                SWIFT_VERSION = 5.0;
                                TARGETED_DEVICE_FAMILY = "1,2";
                        };
                        name = Release;
                };

/* ===== XCConfigurationList ===== */
                8A1A2B3C4D5E6F7A8B9C0D52 /* Build configuration list for PBXProject "iosApp" */ = {
                        isa = XCConfigurationList;
                        buildConfigurations = (
                                8A1A2B3C4D5E6F7A8B9C0D50 /* Debug */,
                                8A1A2B3C4D5E6F7A8B9C0D51 /* Release */,
                        );
                        defaultConfigurationIsVisible = 0;
                        defaultConfigurationName = Release;
                };
                8A1A2B3C4D5E6F7A8B9C0D55 /* Build configuration list for PBXNativeTarget "iosApp" */ = {
                        isa = XCConfigurationList;
                        buildConfigurations = (
                                8A1A2B3C4D5E6F7A8B9C0D53 /* Debug */,
                                8A1A2B3C4D5E6F7A8B9C0D54 /* Release */,
                        );
                        defaultConfigurationIsVisible = 0;
                        defaultConfigurationName = Release;
                };
        };
        rootObject = 8A1A2B3C4D5E6F7A8B9C0D70 /* Project object */;
}
